
Microsoft Visual Studio Solution File, Format Version 12.00
# Visual Studio 15
VisualStudioVersion = 15.0.26730.12
MinimumVisualStudioVersion = 10.0.40219.1
Project("{FAE04EC0-301F-11D3-BF4B-00C04F79EFBC}") = "Mother", "Mother\Mother.csproj", "{CEB2C867-6A98-4721-93CE-0F3B64C46517}"
EndProject
Project("{FAE04EC0-301F-11D3-BF4B-00C04F79EFBC}") = "External", "External\External.csproj", "{DF1DA86B-1E7E-4570-9523-FC0FA989A822}"
EndProject
Global
	GlobalSection(SolutionConfigurationPlatforms) = preSolution
		Debug|Any CPU = Debug|Any CPU
		Release|Any CPU = Release|Any CPU
	EndGlobalSection
	GlobalSection(ProjectConfigurationPlatforms) = postSolution
		{CEB2C867-6A98-4721-93CE-0F3B64C46517}.Debug|Any CPU.ActiveCfg = Debug|Any CPU
		{CEB2C867-6A98-4721-93CE-0F3B64C46517}.Debug|Any CPU.Build.0 = Debug|Any CPU
		{CEB2C867-6A98-4721-93CE-0F3B64C46517}.Release|Any CPU.ActiveCfg = Release|Any CPU
		{CEB2C867-6A98-4721-93CE-0F3B64C46517}.Release|Any CPU.Build.0 = Release|Any CPU
		{DF1DA86B-1E7E-4570-9523-FC0FA989A822}.Debug|Any CPU.ActiveCfg = Debug|Any CPU
		{DF1DA86B-1E7E-4570-9523-FC0FA989A822}.Debug|Any CPU.Build.0 = Debug|Any CPU
		{DF1DA86B-1E7E-4570-9523-FC0FA989A822}.Release|Any CPU.ActiveCfg = Release|Any CPU
		{DF1DA86B-1E7E-4570-9523-FC0FA989A822}.Release|Any CPU.Build.0 = Release|Any CPU
	EndGlobalSection
	GlobalSection(SolutionProperties) = preSolution
		HideSolutionNode = FALSE
	EndGlobalSection
	GlobalSection(ExtensibilityGlobals) = postSolution
		SolutionGuid = {CF529638-76F8-4509-AA59-5B9932D2F886}
	EndGlobalSection
EndGlobal
